
Microsoft Visual Studio Solution File, Format Version 12.00
# Visual Studio 14
VisualStudioVersion = 14.0.24720.0
MinimumVisualStudioVersion = 10.0.40219.1
Project("{F2A71F9B-5D33-465A-A702-920D77279786}") = "WebFace", "WebFace\WebFace.fsproj", "{ECBF3F0A-D5A1-434B-99D1-6E9622D869C0}"
EndProject
Project("{F2A71F9B-5D33-465A-A702-920D77279786}") = "Utils", "Utils\Utils.fsproj", "{5601D65C-D037-4B72-A104-709D129BC908}"
EndProject
Project("{F2A71F9B-5D33-465A-A702-920D77279786}") = "Back", "Back\Back.fsproj", "{64258481-A0E1-48AB-9E96-B3B85DFE565B}"
EndProject
Project("{F2A71F9B-5D33-465A-A702-920D77279786}") = "LocalHost", "LocalHost\LocalHost.fsproj", "{0F99077F-D5C1-447E-991A-D43E7D4C0F9B}"
EndProject
Global
	GlobalSection(SolutionConfigurationPlatforms) = preSolution
		Debug|Any CPU = Debug|Any CPU
		Release|Any CPU = Release|Any CPU
	EndGlobalSection
	GlobalSection(ProjectConfigurationPlatforms) = postSolution
		{ECBF3F0A-D5A1-434B-99D1-6E9622D869C0}.Debug|Any CPU.ActiveCfg = Debug|Any CPU
		{ECBF3F0A-D5A1-434B-99D1-6E9622D869C0}.Debug|Any CPU.Build.0 = Debug|Any CPU
		{ECBF3F0A-D5A1-434B-99D1-6E9622D869C0}.Release|Any CPU.ActiveCfg = Release|Any CPU
		{ECBF3F0A-D5A1-434B-99D1-6E9622D869C0}.Release|Any CPU.Build.0 = Release|Any CPU
		{5601D65C-D037-4B72-A104-709D129BC908}.Debug|Any CPU.ActiveCfg = Debug|Any CPU
		{5601D65C-D037-4B72-A104-709D129BC908}.Debug|Any CPU.Build.0 = Debug|Any CPU
		{5601D65C-D037-4B72-A104-709D129BC908}.Release|Any CPU.ActiveCfg = Release|Any CPU
		{5601D65C-D037-4B72-A104-709D129BC908}.Release|Any CPU.Build.0 = Release|Any CPU
		{64258481-A0E1-48AB-9E96-B3B85DFE565B}.Debug|Any CPU.ActiveCfg = Debug|Any CPU
		{64258481-A0E1-48AB-9E96-B3B85DFE565B}.Debug|Any CPU.Build.0 = Debug|Any CPU
		{64258481-A0E1-48AB-9E96-B3B85DFE565B}.Release|Any CPU.ActiveCfg = Release|Any CPU
		{64258481-A0E1-48AB-9E96-B3B85DFE565B}.Release|Any CPU.Build.0 = Release|Any CPU
		{0F99077F-D5C1-447E-991A-D43E7D4C0F9B}.Debug|Any CPU.ActiveCfg = Debug|Any CPU
		{0F99077F-D5C1-447E-991A-D43E7D4C0F9B}.Debug|Any CPU.Build.0 = Debug|Any CPU
		{0F99077F-D5C1-447E-991A-D43E7D4C0F9B}.Release|Any CPU.ActiveCfg = Release|Any CPU
		{0F99077F-D5C1-447E-991A-D43E7D4C0F9B}.Release|Any CPU.Build.0 = Release|Any CPU
	EndGlobalSection
	GlobalSection(SolutionProperties) = preSolution
		HideSolutionNode = FALSE
	EndGlobalSection
EndGlobal
